// !$*UTF8*$!
{
	archiveVersion = 1;
	classes = {
	};
	objectVersion = 52;
	objects = {

/* Begin PBXBuildFile section */
		8F2DC22724BDF1A700D9679F /* Socket in Frameworks */ = {isa = PBXBuildFile; productRef = 8F2DC22624BDF1A700D9679F /* Socket */; };
		8F8539BE24BDDE2100EC6E3D /* main.swift in Sources */ = {isa = PBXBuildFile; fileRef = 8F8539BD24BDDE2100EC6E3D /* main.swift */; };
		8F8539D524BDECAD00EC6E3D /* main.swift in Sources */ = {isa = PBXBuildFile; fileRef = 8F8539D424BDECAD00EC6E3D /* main.swift */; };
/* End PBXBuildFile section */

/* Begin PBXCopyFilesBuildPhase section */
		8F8539B824BDDE2000EC6E3D /* CopyFiles */ = {
			isa = PBXCopyFilesBuildPhase;
			buildActionMask = 2147483647;
			dstPath = /usr/share/man/man1/;
			dstSubfolderSpec = 0;
			files = (
			);
			runOnlyForDeploymentPostprocessing = 1;
		};
		8F8539D024BDECAD00EC6E3D /* CopyFiles */ = {
			isa = PBXCopyFilesBuildPhase;
			buildActionMask = 2147483647;
			dstPath = /usr/share/man/man1/;
			dstSubfolderSpec = 0;
			files = (
			);
			runOnlyForDeploymentPostprocessing = 1;
		};
/* End PBXCopyFilesBuildPhase section */

/* Begin PBXFileReference section */
		8F8539BA24BDDE2000EC6E3D /* TestBlueSocketMemoryLeak */ = {isa = PBXFileReference; explicitFileType = "compiled.mach-o.executable"; includeInIndex = 0; path = TestBlueSocketMemoryLeak; sourceTree = BUILT_PRODUCTS_DIR; };
		8F8539BD24BDDE2100EC6E3D /* main.swift */ = {isa = PBXFileReference; lastKnownFileType = sourcecode.swift; path = main.swift; sourceTree = "<group>"; };
		8F8539D224BDECAD00EC6E3D /* TestService */ = {isa = PBXFileReference; explicitFileType = "compiled.mach-o.executable"; includeInIndex = 0; path = TestService; sourceTree = BUILT_PRODUCTS_DIR; };
		8F8539D424BDECAD00EC6E3D /* main.swift */ = {isa = PBXFileReference; lastKnownFileType = sourcecode.swift; path = main.swift; sourceTree = "<group>"; };
/* End PBXFileReference section */

/* Begin PBXFrameworksBuildPhase section */
		8F8539B724BDDE2000EC6E3D /* Frameworks */ = {
			isa = PBXFrameworksBuildPhase;
			buildActionMask = 2147483647;
			files = (
				8F2DC22724BDF1A700D9679F /* Socket in Frameworks */,
			);
			runOnlyForDeploymentPostprocessing = 0;
		};
		8F8539CF24BDECAD00EC6E3D /* Frameworks */ = {
			isa = PBXFrameworksBuildPhase;
			buildActionMask = 2147483647;
			files = (
			);
			runOnlyForDeploymentPostprocessing = 0;
		};
/* End PBXFrameworksBuildPhase section */

/* Begin PBXGroup section */
		8F8539B124BDDE2000EC6E3D = {
			isa = PBXGroup;
			children = (
				8F8539BC24BDDE2000EC6E3D /* TestBlueSocketMemoryLeak */,
				8F8539D324BDECAD00EC6E3D /* TestService */,
				8F8539BB24BDDE2000EC6E3D /* Products */,
			);
			sourceTree = "<group>";
		};
		8F8539BB24BDDE2000EC6E3D /* Products */ = {
			isa = PBXGroup;
			children = (
				8F8539BA24BDDE2000EC6E3D /* TestBlueSocketMemoryLeak */,
				8F8539D224BDECAD00EC6E3D /* TestService */,
			);
			name = Products;
			sourceTree = "<group>";
		};
		8F8539BC24BDDE2000EC6E3D /* TestBlueSocketMemoryLeak */ = {
			isa = PBXGroup;
			children = (
				8F8539BD24BDDE2100EC6E3D /* main.swift */,
			);
			path = TestBlueSocketMemoryLeak;
			sourceTree = "<group>";
		};
		8F8539D324BDECAD00EC6E3D /* TestService */ = {
			isa = PBXGroup;
			children = (
				8F8539D424BDECAD00EC6E3D /* main.swift */,
			);
			path = TestService;
			sourceTree = "<group>";
		};
/* End PBXGroup section */

/* Begin PBXNativeTarget section */
		8F8539B924BDDE2000EC6E3D /* TestBlueSocketMemoryLeak */ = {
			isa = PBXNativeTarget;
			buildConfigurationList = 8F8539C124BDDE2100EC6E3D /* Build configuration list for PBXNativeTarget "TestBlueSocketMemoryLeak" */;
			buildPhases = (
				8F8539B624BDDE2000EC6E3D /* Sources */,
				8F8539B724BDDE2000EC6E3D /* Frameworks */,
				8F8539B824BDDE2000EC6E3D /* CopyFiles */,
			);
			buildRules = (
			);
			dependencies = (
			);
			name = TestBlueSocketMemoryLeak;
			packageProductDependencies = (
				8F2DC22624BDF1A700D9679F /* Socket */,
			);
			productName = TestBlueSocketMemoryLeak;
			productReference = 8F8539BA24BDDE2000EC6E3D /* TestBlueSocketMemoryLeak */;
			productType = "com.apple.product-type.tool";
		};
		8F8539D124BDECAD00EC6E3D /* TestService */ = {
			isa = PBXNativeTarget;
			buildConfigurationList = 8F8539D624BDECAD00EC6E3D /* Build configuration list for PBXNativeTarget "TestService" */;
			buildPhases = (
				8F8539CE24BDECAD00EC6E3D /* Sources */,
				8F8539CF24BDECAD00EC6E3D /* Frameworks */,
				8F8539D024BDECAD00EC6E3D /* CopyFiles */,
			);
			buildRules = (
			);
			dependencies = (
			);
			name = TestService;
			productName = TestService;
			productReference = 8F8539D224BDECAD00EC6E3D /* TestService */;
			productType = "com.apple.product-type.tool";
		};
/* End PBXNativeTarget section */

/* Begin PBXProject section */
		8F8539B224BDDE2000EC6E3D /* Project object */ = {
			isa = PBXProject;
			attributes = {
				LastSwiftUpdateCheck = 1150;
				LastUpgradeCheck = 1150;
				ORGANIZATIONNAME = "Johannes Bittner";
				TargetAttributes = {
					8F8539B924BDDE2000EC6E3D = {
						CreatedOnToolsVersion = 11.5;
					};
					8F8539D124BDECAD00EC6E3D = {
						CreatedOnToolsVersion = 11.5;
					};
				};
			};
			buildConfigurationList = 8F8539B524BDDE2000EC6E3D /* Build configuration list for PBXProject "TestBlueSocketMemoryLeak" */;
			compatibilityVersion = "Xcode 9.3";
			developmentRegion = en;
			hasScannedForEncodings = 0;
			knownRegions = (
				en,
				Base,
			);
			mainGroup = 8F8539B124BDDE2000EC6E3D;
			packageReferences = (
				8F2DC22524BDF1A700D9679F /* XCRemoteSwiftPackageReference "BlueSocket" */,
			);
			productRefGroup = 8F8539BB24BDDE2000EC6E3D /* Products */;
			projectDirPath = "";
			projectRoot = "";
			targets = (
				8F8539B924BDDE2000EC6E3D /* TestBlueSocketMemoryLeak */,
				8F8539D124BDECAD00EC6E3D /* TestService */,
			);
		};
/* End PBXProject section */

/* Begin PBXSourcesBuildPhase section */
		8F8539B624BDDE2000EC6E3D /* Sources */ = {
			isa = PBXSourcesBuildPhase;
			buildActionMask = 2147483647;
			files = (
				8F8539BE24BDDE2100EC6E3D /* main.swift in Sources */,
			);
			runOnlyForDeploymentPostprocessing = 0;
		};
		8F8539CE24BDECAD00EC6E3D /* Sources */ = {
			isa = PBXSourcesBuildPhase;
			buildActionMask = 2147483647;
			files = (
				8F8539D524BDECAD00EC6E3D /* main.swift in Sources */,
			);
			runOnlyForDeploymentPostprocessing = 0;
		};
/* End PBXSourcesBuildPhase section */

/* Begin XCBuildConfiguration section */
		8F8539BF24BDDE2100EC6E3D /* Debug */ = {
			isa = XCBuildConfiguration;
			buildSettings = {
				ALWAYS_SEARCH_USER_PATHS = NO;
				CLANG_ANALYZER_NONNULL = YES;
				CLANG_ANALYZER_NUMBER_OBJECT_CONVERSION = YES_AGGRESSIVE;
				CLANG_CXX_LANGUAGE_STANDARD = "gnu++14";
				CLANG_CXX_LIBRARY = "libc++";
				CLANG_ENABLE_MODULES = YES;
				CLANG_ENABLE_OBJC_ARC = YES;
				CLANG_ENABLE_OBJC_WEAK = YES;
				CLANG_WARN_BLOCK_CAPTURE_AUTORELEASING = YES;
				CLANG_WARN_BOOL_CONVERSION = YES;
				CLANG_WARN_COMMA = YES;
				CLANG_WARN_CONSTANT_CONVERSION = YES;
				CLANG_WARN_DEPRECATED_OBJC_IMPLEMENTATIONS = YES;
				CLANG_WARN_DIRECT_OBJC_ISA_USAGE = YES_ERROR;
				CLANG_WARN_DOCUMENTATION_COMMENTS = YES;
				CLANG_WARN_EMPTY_BODY = YES;
				CLANG_WARN_ENUM_CONVERSION = YES;
				CLANG_WARN_INFINITE_RECURSION = YES;
				CLANG_WARN_INT_CONVERSION = YES;
				CLANG_WARN_NON_LITERAL_NULL_CONVERSION = YES;
				CLANG_WARN_OBJC_IMPLICIT_RETAIN_SELF = YES;
				CLANG_WARN_OBJC_LITERAL_CONVERSION = YES;
				CLANG_WARN_OBJC_ROOT_CLASS = YES_ERROR;
				CLANG_WARN_RANGE_LOOP_ANALYSIS = YES;
				CLANG_WARN_STRICT_PROTOTYPES = YES;
				CLANG_WARN_SUSPICIOUS_MOVE = YES;
				CLANG_WARN_UNGUARDED_AVAILABILITY = YES_AGGRESSIVE;
				CLANG_WARN_UNREACHABLE_CODE = YES;
				CLANG_WARN__DUPLICATE_METHOD_MATCH = YES;
				COPY_PHASE_STRIP = NO;
				DEBUG_INFORMATION_FORMAT = dwarf;
				ENABLE_STRICT_OBJC_MSGSEND = YES;
				ENABLE_TESTABILITY = YES;
				GCC_C_LANGUAGE_STANDARD = gnu11;
				GCC_DYNAMIC_NO_PIC = NO;
				GCC_NO_COMMON_BLOCKS = YES;
				GCC_OPTIMIZATION_LEVEL = 0;
				GCC_PREPROCESSOR_DEFINITIONS = (
					"DEBUG=1",
					"$(inherited)",
				);
				GCC_WARN_64_TO_32_BIT_CONVERSION = YES;
				GCC_WARN_ABOUT_RETURN_TYPE = YES_ERROR;
				GCC_WARN_UNDECLARED_SELECTOR = YES;
				GCC_WARN_UNINITIALIZED_AUTOS = YES_AGGRESSIVE;
				GCC_WARN_UNUSED_FUNCTION = YES;
				GCC_WARN_UNUSED_VARIABLE = YES;
				MACOSX_DEPLOYMENT_TARGET = 10.15;
				MTL_ENABLE_DEBUG_INFO = INCLUDE_SOURCE;
				MTL_FAST_MATH = YES;
				ONLY_ACTIVE_ARCH = YES;
				SDKROOT = macosx;
				SWIFT_ACTIVE_COMPILATION_CONDITIONS = DEBUG;
				SWIFT_OPTIMIZATION_LEVEL = "-Onone";
			};
			name = Debug;
		};
		8F8539C024BDDE2100EC6E3D /* Release */ = {
			isa = XCBuildConfiguration;
			buildSettings = {
				ALWAYS_SEARCH_USER_PATHS = NO;
				CLANG_ANALYZER_NONNULL = YES;
				CLANG_ANALYZER_NUMBER_OBJECT_CONVERSION = YES_AGGRESSIVE;
				CLANG_CXX_LANGUAGE_STANDARD = "gnu++14";
				CLANG_CXX_LIBRARY = "libc++";
				CLANG_ENABLE_MODULES = YES;
				CLANG_ENABLE_OBJC_ARC = YES;
				CLANG_ENABLE_OBJC_WEAK = YES;
				CLANG_WARN_BLOCK_CAPTURE_AUTORELEASING = YES;
				CLANG_WARN_BOOL_CONVERSION = YES;
				CLANG_WARN_COMMA = YES;
				CLANG_WARN_CONSTANT_CONVERSION = YES;
				CLANG_WARN_DEPRECATED_OBJC_IMPLEMENTATIONS = YES;
				CLANG_WARN_DIRECT_OBJC_ISA_USAGE = YES_ERROR;
				CLANG_WARN_DOCUMENTATION_COMMENTS = YES;
				CLANG_WARN_EMPTY_BODY = YES;
				CLANG_WARN_ENUM_CONVERSION = YES;
				CLANG_WARN_INFINITE_RECURSION = YES;
				CLANG_WARN_INT_CONVERSION = YES;
				CLANG_WARN_NON_LITERAL_NULL_CONVERSION = YES;
				CLANG_WARN_OBJC_IMPLICIT_RETAIN_SELF = YES;
				CLANG_WARN_OBJC_LITERAL_CONVERSION = YES;
				CLANG_WARN_OBJC_ROOT_CLASS = YES_ERROR;
				CLANG_WARN_RANGE_LOOP_ANALYSIS = YES;
				CLANG_WARN_STRICT_PROTOTYPES = YES;
				CLANG_WARN_SUSPICIOUS_MOVE = YES;
				CLANG_WARN_UNGUARDED_AVAILABILITY = YES_AGGRESSIVE;
				CLANG_WARN_UNREACHABLE_CODE = YES;
				CLANG_WARN__DUPLICATE_METHOD_MATCH = YES;
				COPY_PHASE_STRIP = NO;
				DEBUG_INFORMATION_FORMAT = "dwarf-with-dsym";
				ENABLE_NS_ASSERTIONS = NO;
				ENABLE_STRICT_OBJC_MSGSEND = YES;
				GCC_C_LANGUAGE_STANDARD = gnu11;
				GCC_NO_COMMON_BLOCKS = YES;
				GCC_WARN_64_TO_32_BIT_CONVERSION = YES;
				GCC_WARN_ABOUT_RETURN_TYPE = YES_ERROR;
				GCC_WARN_UNDECLARED_SELECTOR = YES;
				GCC_WARN_UNINITIALIZED_AUTOS = YES_AGGRESSIVE;
				GCC_WARN_UNUSED_FUNCTION = YES;
				GCC_WARN_UNUSED_VARIABLE = YES;
				MACOSX_DEPLOYMENT_TARGET = 10.15;
				MTL_ENABLE_DEBUG_INFO = NO;
				MTL_FAST_MATH = YES;
				SDKROOT = macosx;
				SWIFT_COMPILATION_MODE = wholemodule;
				SWIFT_OPTIMIZATION_LEVEL = "-O";
			};
			name = Release;
		};
		8F8539C224BDDE2100EC6E3D /* Debug */ = {
			isa = XCBuildConfiguration;
			buildSettings = {
				CODE_SIGN_STYLE = Automatic;
				DEVELOPMENT_TEAM = R98YXK78YZ;
				ENABLE_HARDENED_RUNTIME = YES;
				PRODUCT_NAME = "$(TARGET_NAME)";
				SWIFT_VERSION = 5.0;
			};
			name = Debug;
		};
		8F8539C324BDDE2100EC6E3D /* Release */ = {
			isa = XCBuildConfiguration;
			buildSettings = {
				CODE_SIGN_STYLE = Automatic;
				DEVELOPMENT_TEAM = R98YXK78YZ;
				ENABLE_HARDENED_RUNTIME = YES;
				PRODUCT_NAME = "$(TARGET_NAME)";
				SWIFT_VERSION = 5.0;
			};
			name = Release;
		};
		8F8539D724BDECAD00EC6E3D /* Debug */ = {
			isa = XCBuildConfiguration;
			buildSettings = {
				CODE_SIGN_STYLE = Automatic;
				DEVELOPMENT_TEAM = R98YXK78YZ;
				ENABLE_HARDENED_RUNTIME = YES;
				PRODUCT_NAME = "$(TARGET_NAME)";
				SWIFT_VERSION = 5.0;
			};
			name = Debug;
		};
		8F8539D824BDECAD00EC6E3D /* Release */ = {
			isa = XCBuildConfiguration;
			buildSettings = {
				CODE_SIGN_STYLE = Automatic;
				DEVELOPMENT_TEAM = R98YXK78YZ;
				ENABLE_HARDENED_RUNTIME = YES;
				PRODUCT_NAME = "$(TARGET_NAME)";
				SWIFT_VERSION = 5.0;
			};
			name = Release;
		};
/* End XCBuildConfiguration section */

/* Begin XCConfigurationList section */
		8F8539B524BDDE2000EC6E3D /* Build configuration list for PBXProject "TestBlueSocketMemoryLeak" */ = {
			isa = XCConfigurationList;
			buildConfigurations = (
				8F8539BF24BDDE2100EC6E3D /* Debug */,
				8F8539C024BDDE2100EC6E3D /* Release */,
			);
			defaultConfigurationIsVisible = 0;
			defaultConfigurationName = Release;
		};
		8F8539C124BDDE2100EC6E3D /* Build configuration list for PBXNativeTarget "TestBlueSocketMemoryLeak" */ = {
			isa = XCConfigurationList;
			buildConfigurations = (
				8F8539C224BDDE2100EC6E3D /* Debug */,
				8F8539C324BDDE2100EC6E3D /* Release */,
			);
			defaultConfigurationIsVisible = 0;
			defaultConfigurationName = Release;
		};
		8F8539D624BDECAD00EC6E3D /* Build configuration list for PBXNativeTarget "TestService" */ = {
			isa = XCConfigurationList;
			buildConfigurations = (
				8F8539D724BDECAD00EC6E3D /* Debug */,
				8F8539D824BDECAD00EC6E3D /* Release */,
			);
			defaultConfigurationIsVisible = 0;
			defaultConfigurationName = Release;
		};
/* End XCConfigurationList section */

/* Begin XCRemoteSwiftPackageReference section */
		8F2DC22524BDF1A700D9679F /* XCRemoteSwiftPackageReference "BlueSocket" */ = {
			isa = XCRemoteSwiftPackageReference;
			repositoryURL = "https://github.com/IBM-Swift/BlueSocket/";
			requirement = {
				kind = upToNextMajorVersion;
				minimumVersion = 1.0.52;
			};
		};
/* End XCRemoteSwiftPackageReference section */

/* Begin XCSwiftPackageProductDependency section */
		8F2DC22624BDF1A700D9679F /* Socket */ = {
			isa = XCSwiftPackageProductDependency;
			package = 8F2DC22524BDF1A700D9679F /* XCRemoteSwiftPackageReference "BlueSocket" */;
			productName = Socket;
		};
/* End XCSwiftPackageProductDependency section */
	};
	rootObject = 8F8539B224BDDE2000EC6E3D /* Project object */;
}
